
Microsoft Visual Studio Solution File, Format Version 12.00
# Visual Studio Version 16
VisualStudioVersion = 16.0.30114.105
MinimumVisualStudioVersion = 10.0.40219.1
Project("{FAE04EC0-301F-11D3-BF4B-00C04F79EFBC}") = "src", "src.csproj", "{AFFB2ADF-AB54-456D-A878-53C81926DE94}"
EndProject
Global
	GlobalSection(SolutionConfigurationPlatforms) = preSolution
		Debug|Any CPU = Debug|Any CPU
		Release|Any CPU = Release|Any CPU
	EndGlobalSection
	GlobalSection(ProjectConfigurationPlatforms) = postSolution
		{AFFB2ADF-AB54-456D-A878-53C81926DE94}.Debug|Any CPU.ActiveCfg = Debug|Any CPU
		{AFFB2ADF-AB54-456D-A878-53C81926DE94}.Debug|Any CPU.Build.0 = Debug|Any CPU
		{AFFB2ADF-AB54-456D-A878-53C81926DE94}.Release|Any CPU.ActiveCfg = Release|Any CPU
		{AFFB2ADF-AB54-456D-A878-53C81926DE94}.Release|Any CPU.Build.0 = Release|Any CPU
	EndGlobalSection
	GlobalSection(SolutionProperties) = preSolution
		HideSolutionNode = FALSE
	EndGlobalSection
	GlobalSection(ExtensibilityGlobals) = postSolution
		SolutionGuid = {89DA0044-E0BB-4381-A475-5209E8B60FE4}
	EndGlobalSection
EndGlobal
