
Microsoft Visual Studio Solution File, Format Version 12.00
# Visual Studio Version 16
VisualStudioVersion = 16.0.30114.105
MinimumVisualStudioVersion = 10.0.40219.1
Project("{FAE04EC0-301F-11D3-BF4B-00C04F79EFBC}") = "web", "web\web.csproj", "{4C669261-5132-4170-8D34-AA9C3361E35D}"
EndProject
Global
	GlobalSection(SolutionConfigurationPlatforms) = preSolution
		Debug|Any CPU = Debug|Any CPU
		Release|Any CPU = Release|Any CPU
	EndGlobalSection
	GlobalSection(ProjectConfigurationPlatforms) = postSolution
		{4C669261-5132-4170-8D34-AA9C3361E35D}.Debug|Any CPU.ActiveCfg = Debug|Any CPU
		{4C669261-5132-4170-8D34-AA9C3361E35D}.Debug|Any CPU.Build.0 = Debug|Any CPU
		{4C669261-5132-4170-8D34-AA9C3361E35D}.Release|Any CPU.ActiveCfg = Release|Any CPU
		{4C669261-5132-4170-8D34-AA9C3361E35D}.Release|Any CPU.Build.0 = Release|Any CPU
	EndGlobalSection
	GlobalSection(SolutionProperties) = preSolution
		HideSolutionNode = FALSE
	EndGlobalSection
	GlobalSection(ExtensibilityGlobals) = postSolution
		SolutionGuid = {5C7471DD-0AFC-4085-AAEE-1C31C2B6F943}
	EndGlobalSection
EndGlobal
